
Microsoft Visual Studio Solution File, Format Version 12.00
# Visual Studio Version 17
VisualStudioVersion = 17.10.34928.147
MinimumVisualStudioVersion = 10.0.40219.1
Project("{8BC9CEB8-8B4A-11D0-8D11-00A0C91BC942}") = "Assembly-1", "Assembly-1\Assembly-1.vcxproj", "{48E43B21-E17C-4FDC-845C-6177D9F8B94C}"
EndProject
Project("{8BC9CEB8-8B4A-11D0-8D11-00A0C91BC942}") = "BitOperatorHomework1", "BitOperatorHomework1\BitOperatorHomework1.vcxproj", "{40C22F4C-4623-4C7F-B7A6-B15D9A97E474}"
EndProject
Project("{8BC9CEB8-8B4A-11D0-8D11-00A0C91BC942}") = "BitOperatorHomework2", "BitOperatorHomework2\BitOperatorHomework2.vcxproj", "{A4C5CFE6-5394-4691-A2B8-26FF7B72B974}"
EndProject
Project("{8BC9CEB8-8B4A-11D0-8D11-00A0C91BC942}") = "BitOperatorHomework3", "BitOperatorHomework3\BitOperatorHomework3.vcxproj", "{3535432B-C780-4A11-9378-94DBDBD159E8}"
EndProject
Project("{8BC9CEB8-8B4A-11D0-8D11-00A0C91BC942}") = "switch-cast-operation", "switch-cast-operation\switch-cast-operation.vcxproj", "{0057F984-B1C5-402B-92D6-64F2721A1509}"
EndProject
Project("{8BC9CEB8-8B4A-11D0-8D11-00A0C91BC942}") = "for-vs-while", "for-vs-while\for-vs-while.vcxproj", "{8A368BB6-7391-48E6-B062-121AEA2F9ECA}"
EndProject
Project("{8BC9CEB8-8B4A-11D0-8D11-00A0C91BC942}") = "do-while", "do-while\do-while.vcxproj", "{F6CC438D-2ABA-4120-8B32-8B365998647F}"
EndProject
Global
	GlobalSection(SolutionConfigurationPlatforms) = preSolution
		Debug|x64 = Debug|x64
		Debug|x86 = Debug|x86
		Release|x64 = Release|x64
		Release|x86 = Release|x86
	EndGlobalSection
	GlobalSection(ProjectConfigurationPlatforms) = postSolution
		{48E43B21-E17C-4FDC-845C-6177D9F8B94C}.Debug|x64.ActiveCfg = Debug|x64
		{48E43B21-E17C-4FDC-845C-6177D9F8B94C}.Debug|x64.Build.0 = Debug|x64
		{48E43B21-E17C-4FDC-845C-6177D9F8B94C}.Debug|x86.ActiveCfg = Debug|Win32
		{48E43B21-E17C-4FDC-845C-6177D9F8B94C}.Debug|x86.Build.0 = Debug|Win32
		{48E43B21-E17C-4FDC-845C-6177D9F8B94C}.Release|x64.ActiveCfg = Release|x64
		{48E43B21-E17C-4FDC-845C-6177D9F8B94C}.Release|x64.Build.0 = Release|x64
		{48E43B21-E17C-4FDC-845C-6177D9F8B94C}.Release|x86.ActiveCfg = Release|Win32
		{48E43B21-E17C-4FDC-845C-6177D9F8B94C}.Release|x86.Build.0 = Release|Win32
		{40C22F4C-4623-4C7F-B7A6-B15D9A97E474}.Debug|x64.ActiveCfg = Debug|x64
		{40C22F4C-4623-4C7F-B7A6-B15D9A97E474}.Debug|x64.Build.0 = Debug|x64
		{40C22F4C-4623-4C7F-B7A6-B15D9A97E474}.Debug|x86.ActiveCfg = Debug|Win32
		{40C22F4C-4623-4C7F-B7A6-B15D9A97E474}.Debug|x86.Build.0 = Debug|Win32
		{40C22F4C-4623-4C7F-B7A6-B15D9A97E474}.Release|x64.ActiveCfg = Release|x64
		{40C22F4C-4623-4C7F-B7A6-B15D9A97E474}.Release|x64.Build.0 = Release|x64
		{40C22F4C-4623-4C7F-B7A6-B15D9A97E474}.Release|x86.ActiveCfg = Release|Win32
		{40C22F4C-4623-4C7F-B7A6-B15D9A97E474}.Release|x86.Build.0 = Release|Win32
		{A4C5CFE6-5394-4691-A2B8-26FF7B72B974}.Debug|x64.ActiveCfg = Debug|x64
		{A4C5CFE6-5394-4691-A2B8-26FF7B72B974}.Debug|x64.Build.0 = Debug|x64
		{A4C5CFE6-5394-4691-A2B8-26FF7B72B974}.Debug|x86.ActiveCfg = Debug|Win32
		{A4C5CFE6-5394-4691-A2B8-26FF7B72B974}.Debug|x86.Build.0 = Debug|Win32
		{A4C5CFE6-5394-4691-A2B8-26FF7B72B974}.Release|x64.ActiveCfg = Release|x64
		{A4C5CFE6-5394-4691-A2B8-26FF7B72B974}.Release|x64.Build.0 = Release|x64
		{A4C5CFE6-5394-4691-A2B8-26FF7B72B974}.Release|x86.ActiveCfg = Release|Win32
		{A4C5CFE6-5394-4691-A2B8-26FF7B72B974}.Release|x86.Build.0 = Release|Win32
		{3535432B-C780-4A11-9378-94DBDBD159E8}.Debug|x64.ActiveCfg = Debug|x64
		{3535432B-C780-4A11-9378-94DBDBD159E8}.Debug|x64.Build.0 = Debug|x64
		{3535432B-C780-4A11-9378-94DBDBD159E8}.Debug|x86.ActiveCfg = Debug|Win32
		{3535432B-C780-4A11-9378-94DBDBD159E8}.Debug|x86.Build.0 = Debug|Win32
		{3535432B-C780-4A11-9378-94DBDBD159E8}.Release|x64.ActiveCfg = Release|x64
		{3535432B-C780-4A11-9378-94DBDBD159E8}.Release|x64.Build.0 = Release|x64
		{3535432B-C780-4A11-9378-94DBDBD159E8}.Release|x86.ActiveCfg = Release|Win32
		{3535432B-C780-4A11-9378-94DBDBD159E8}.Release|x86.Build.0 = Release|Win32
		{0057F984-B1C5-402B-92D6-64F2721A1509}.Debug|x64.ActiveCfg = Debug|x64
		{0057F984-B1C5-402B-92D6-64F2721A1509}.Debug|x64.Build.0 = Debug|x64
		{0057F984-B1C5-402B-92D6-64F2721A1509}.Debug|x86.ActiveCfg = Debug|Win32
		{0057F984-B1C5-402B-92D6-64F2721A1509}.Debug|x86.Build.0 = Debug|Win32
		{0057F984-B1C5-402B-92D6-64F2721A1509}.Release|x64.ActiveCfg = Release|x64
		{0057F984-B1C5-402B-92D6-64F2721A1509}.Release|x64.Build.0 = Release|x64
		{0057F984-B1C5-402B-92D6-64F2721A1509}.Release|x86.ActiveCfg = Release|Win32
		{0057F984-B1C5-402B-92D6-64F2721A1509}.Release|x86.Build.0 = Release|Win32
		{8A368BB6-7391-48E6-B062-121AEA2F9ECA}.Debug|x64.ActiveCfg = Debug|x64
		{8A368BB6-7391-48E6-B062-121AEA2F9ECA}.Debug|x64.Build.0 = Debug|x64
		{8A368BB6-7391-48E6-B062-121AEA2F9ECA}.Debug|x86.ActiveCfg = Debug|Win32
		{8A368BB6-7391-48E6-B062-121AEA2F9ECA}.Debug|x86.Build.0 = Debug|Win32
		{8A368BB6-7391-48E6-B062-121AEA2F9ECA}.Release|x64.ActiveCfg = Release|x64
		{8A368BB6-7391-48E6-B062-121AEA2F9ECA}.Release|x64.Build.0 = Release|x64
		{8A368BB6-7391-48E6-B062-121AEA2F9ECA}.Release|x86.ActiveCfg = Release|Win32
		{8A368BB6-7391-48E6-B062-121AEA2F9ECA}.Release|x86.Build.0 = Release|Win32
		{F6CC438D-2ABA-4120-8B32-8B365998647F}.Debug|x64.ActiveCfg = Debug|x64
		{F6CC438D-2ABA-4120-8B32-8B365998647F}.Debug|x64.Build.0 = Debug|x64
		{F6CC438D-2ABA-4120-8B32-8B365998647F}.Debug|x86.ActiveCfg = Debug|Win32
		{F6CC438D-2ABA-4120-8B32-8B365998647F}.Debug|x86.Build.0 = Debug|Win32
		{F6CC438D-2ABA-4120-8B32-8B365998647F}.Release|x64.ActiveCfg = Release|x64
		{F6CC438D-2ABA-4120-8B32-8B365998647F}.Release|x64.Build.0 = Release|x64
		{F6CC438D-2ABA-4120-8B32-8B365998647F}.Release|x86.ActiveCfg = Release|Win32
		{F6CC438D-2ABA-4120-8B32-8B365998647F}.Release|x86.Build.0 = Release|Win32
	EndGlobalSection
	GlobalSection(SolutionProperties) = preSolution
		HideSolutionNode = FALSE
	EndGlobalSection
	GlobalSection(ExtensibilityGlobals) = postSolution
		SolutionGuid = {B3B5C626-91C7-4716-A930-2C1C940E6F40}
	EndGlobalSection
EndGlobal
