
Microsoft Visual Studio Solution File, Format Version 12.00
# Visual Studio Version 17
VisualStudioVersion = 17.10.34928.147
MinimumVisualStudioVersion = 10.0.40219.1
Project("{8BC9CEB8-8B4A-11D0-8D11-00A0C91BC942}") = "Assembly-1", "Assembly-1\Assembly-1.vcxproj", "{48E43B21-E17C-4FDC-845C-6177D9F8B94C}"
EndProject
Project("{8BC9CEB8-8B4A-11D0-8D11-00A0C91BC942}") = "BitOperatorHomework1", "BitOperatorHomework1\BitOperatorHomework1.vcxproj", "{40C22F4C-4623-4C7F-B7A6-B15D9A97E474}"
EndProject
Project("{8BC9CEB8-8B4A-11D0-8D11-00A0C91BC942}") = "BitOperatorHomework2", "BitOperatorHomework2\BitOperatorHomework2.vcxproj", "{A4C5CFE6-5394-4691-A2B8-26FF7B72B974}"
EndProject
Project("{8BC9CEB8-8B4A-11D0-8D11-00A0C91BC942}") = "BitOperatorHomework3", "BitOperatorHomework3\BitOperatorHomework3.vcxproj", "{3535432B-C780-4A11-9378-94DBDBD159E8}"
EndProject
Project("{8BC9CEB8-8B4A-11D0-8D11-00A0C91BC942}") = "switch-cast-operation", "switch-cast-operation\switch-cast-operation.vcxproj", "{0057F984-B1C5-402B-92D6-64F2721A1509}"
EndProject
Project("{8BC9CEB8-8B4A-11D0-8D11-00A0C91BC942}") = "for-vs-while", "for-vs-while\for-vs-while.vcxproj", "{8A368BB6-7391-48E6-B062-121AEA2F9ECA}"
EndProject
Project("{8BC9CEB8-8B4A-11D0-8D11-00A0C91BC942}") = "do-while", "do-while\do-while.vcxproj", "{F6CC438D-2ABA-4120-8B32-8B365998647F}"
EndProject
Project("{8BC9CEB8-8B4A-11D0-8D11-00A0C91BC942}") = "rand-function", "rand-function\rand-function.vcxproj", "{1F79A224-1ED8-478E-A871-6A60BAF9AB15}"
EndProject
Project("{8BC9CEB8-8B4A-11D0-8D11-00A0C91BC942}") = "Function-call", "Function-call\Function-call.vcxproj", "{B4836FBA-7893-435D-827A-DB4F20E2B831}"
EndProject
Project("{8BC9CEB8-8B4A-11D0-8D11-00A0C91BC942}") = "Function-call2", "Function-call2\Function-call2.vcxproj", "{3FE8004B-3341-4B34-8AAB-13076C6B76BB}"
EndProject
Project("{8BC9CEB8-8B4A-11D0-8D11-00A0C91BC942}") = "Function-call-eip-error-test", "Function-call-eip-error-test\Function-call-eip-error-test.vcxproj", "{ACA32394-C8C8-48A5-B7C2-A0C0C3B76DB0}"
EndProject
Project("{8BC9CEB8-8B4A-11D0-8D11-00A0C91BC942}") = "ebp-error-testr", "ebp-error-testr\ebp-error-testr.vcxproj", "{342FA48B-6797-40E9-B0DA-C8F0B633E31F}"
EndProject
Project("{8BC9CEB8-8B4A-11D0-8D11-00A0C91BC942}") = "eip-error-test", "eip-error-test\eip-error-test.vcxproj", "{F744D115-4863-4E41-BC12-EFB3342A0020}"
EndProject
Project("{8BC9CEB8-8B4A-11D0-8D11-00A0C91BC942}") = "struct-parameter", "struct-parameter\struct-parameter.vcxproj", "{2D4A9525-F89B-45AC-8823-7FDBFA084640}"
EndProject
Project("{8BC9CEB8-8B4A-11D0-8D11-00A0C91BC942}") = "struct-return", "struct-return\struct-return.vcxproj", "{6F1066EE-DB59-4E40-86ED-2C29F30FBA13}"
EndProject
Project("{8BC9CEB8-8B4A-11D0-8D11-00A0C91BC942}") = "local-static-var", "local-static-var\local-static-var.vcxproj", "{4966E811-B0C7-4707-8294-4688BF0FE4D9}"
EndProject
Project("{8BC9CEB8-8B4A-11D0-8D11-00A0C91BC942}") = "paint과제", "paint과제\paint과제.vcxproj", "{5F02BDF9-B64C-4A5F-9C04-AC7BD188F3F3}"
EndProject
Project("{8BC9CEB8-8B4A-11D0-8D11-00A0C91BC942}") = "paint-loop", "paint-loop\paint-loop.vcxproj", "{AA353A67-7BEA-49D9-AA95-E0ABAC24E9A2}"
EndProject
Project("{8BC9CEB8-8B4A-11D0-8D11-00A0C91BC942}") = "struct-padding", "struct-padding\struct-padding.vcxproj", "{598A39DC-339C-4428-92C1-DAD3B1D21220}"
EndProject
Project("{8BC9CEB8-8B4A-11D0-8D11-00A0C91BC942}") = "const_string", "const_string\const_string.vcxproj", "{0BD07EDB-802D-4A22-A464-3DF1882ED2BD}"
EndProject
Project("{8BC9CEB8-8B4A-11D0-8D11-00A0C91BC942}") = "union", "union\union.vcxproj", "{62AE5A8E-A88A-4785-940E-AB677A6F7E68}"
EndProject
Project("{8BC9CEB8-8B4A-11D0-8D11-00A0C91BC942}") = "string_function", "string_function\string_function.vcxproj", "{553D9825-D5FB-4A8F-8881-3E3030DEE06A}"
EndProject
Project("{8BC9CEB8-8B4A-11D0-8D11-00A0C91BC942}") = "english-dictionary", "english-dictionary\english-dictionary.vcxproj", "{108D6F79-899C-4CFA-8ACA-BEF0EAA4E807}"
EndProject
Project("{8BC9CEB8-8B4A-11D0-8D11-00A0C91BC942}") = "malloc_new", "malloc_new\malloc_new.vcxproj", "{2E6E8D15-9032-4B42-84A8-6FA7188528A4}"
EndProject
Project("{8BC9CEB8-8B4A-11D0-8D11-00A0C91BC942}") = "bfs-short-path", "bfs-short-path\bfs-short-path.vcxproj", "{617CAE69-CC46-4E93-BDBA-A62B82F93E57}"
EndProject
Project("{8BC9CEB8-8B4A-11D0-8D11-00A0C91BC942}") = "item_rand_range", "item_rand_range\item_rand_range.vcxproj", "{1DDE73A4-8359-4ABF-9503-F89B31CB5FD3}"
EndProject
Project("{8BC9CEB8-8B4A-11D0-8D11-00A0C91BC942}") = "Bitmap", "Bitmap\Bitmap.vcxproj", "{5D944691-B97E-4412-85E2-5878E73AE518}"
EndProject
Project("{8BC9CEB8-8B4A-11D0-8D11-00A0C91BC942}") = "packing", "packing\packing.vcxproj", "{C3C128BD-F2A1-4CF0-8F0C-8B3DD1E41777}"
EndProject
Project("{8BC9CEB8-8B4A-11D0-8D11-00A0C91BC942}") = "ShootingGame", "ShootingGame\ShootingGame.vcxproj", "{49CB38C5-6386-4862-AC7D-F8EC36441223}"
EndProject
Project("{8BC9CEB8-8B4A-11D0-8D11-00A0C91BC942}") = "FPS", "FPS\FPS.vcxproj", "{9FCA0455-EB2C-4A02-8AA1-D692DD3038FE}"
EndProject
Project("{8BC9CEB8-8B4A-11D0-8D11-00A0C91BC942}") = "Polymorphism", "Polymorphism\Polymorphism.vcxproj", "{294D04E5-3530-406B-89B1-93BA7812A063}"
EndProject
Project("{8BC9CEB8-8B4A-11D0-8D11-00A0C91BC942}") = "virtual-table", "virtual-table\virtual-table.vcxproj", "{1931E1E5-D77D-49D5-A0C0-1EA32465B625}"
EndProject
Project("{8BC9CEB8-8B4A-11D0-8D11-00A0C91BC942}") = "new-delete-overroding", "new-delete-overroding\new-delete-overroding.vcxproj", "{B0A79EFE-0985-4252-8266-6F03DBD52CBE}"
EndProject
Global
	GlobalSection(SolutionConfigurationPlatforms) = preSolution
		Debug|x64 = Debug|x64
		Debug|x86 = Debug|x86
		Release|x64 = Release|x64
		Release|x86 = Release|x86
	EndGlobalSection
	GlobalSection(ProjectConfigurationPlatforms) = postSolution
		{48E43B21-E17C-4FDC-845C-6177D9F8B94C}.Debug|x64.ActiveCfg = Debug|x64
		{48E43B21-E17C-4FDC-845C-6177D9F8B94C}.Debug|x64.Build.0 = Debug|x64
		{48E43B21-E17C-4FDC-845C-6177D9F8B94C}.Debug|x86.ActiveCfg = Debug|Win32
		{48E43B21-E17C-4FDC-845C-6177D9F8B94C}.Debug|x86.Build.0 = Debug|Win32
		{48E43B21-E17C-4FDC-845C-6177D9F8B94C}.Release|x64.ActiveCfg = Release|x64
		{48E43B21-E17C-4FDC-845C-6177D9F8B94C}.Release|x64.Build.0 = Release|x64
		{48E43B21-E17C-4FDC-845C-6177D9F8B94C}.Release|x86.ActiveCfg = Release|Win32
		{48E43B21-E17C-4FDC-845C-6177D9F8B94C}.Release|x86.Build.0 = Release|Win32
		{40C22F4C-4623-4C7F-B7A6-B15D9A97E474}.Debug|x64.ActiveCfg = Debug|x64
		{40C22F4C-4623-4C7F-B7A6-B15D9A97E474}.Debug|x64.Build.0 = Debug|x64
		{40C22F4C-4623-4C7F-B7A6-B15D9A97E474}.Debug|x86.ActiveCfg = Debug|Win32
		{40C22F4C-4623-4C7F-B7A6-B15D9A97E474}.Debug|x86.Build.0 = Debug|Win32
		{40C22F4C-4623-4C7F-B7A6-B15D9A97E474}.Release|x64.ActiveCfg = Release|x64
		{40C22F4C-4623-4C7F-B7A6-B15D9A97E474}.Release|x64.Build.0 = Release|x64
		{40C22F4C-4623-4C7F-B7A6-B15D9A97E474}.Release|x86.ActiveCfg = Release|Win32
		{40C22F4C-4623-4C7F-B7A6-B15D9A97E474}.Release|x86.Build.0 = Release|Win32
		{A4C5CFE6-5394-4691-A2B8-26FF7B72B974}.Debug|x64.ActiveCfg = Debug|x64
		{A4C5CFE6-5394-4691-A2B8-26FF7B72B974}.Debug|x64.Build.0 = Debug|x64
		{A4C5CFE6-5394-4691-A2B8-26FF7B72B974}.Debug|x86.ActiveCfg = Debug|Win32
		{A4C5CFE6-5394-4691-A2B8-26FF7B72B974}.Debug|x86.Build.0 = Debug|Win32
		{A4C5CFE6-5394-4691-A2B8-26FF7B72B974}.Release|x64.ActiveCfg = Release|x64
		{A4C5CFE6-5394-4691-A2B8-26FF7B72B974}.Release|x64.Build.0 = Release|x64
		{A4C5CFE6-5394-4691-A2B8-26FF7B72B974}.Release|x86.ActiveCfg = Release|Win32
		{A4C5CFE6-5394-4691-A2B8-26FF7B72B974}.Release|x86.Build.0 = Release|Win32
		{3535432B-C780-4A11-9378-94DBDBD159E8}.Debug|x64.ActiveCfg = Debug|x64
		{3535432B-C780-4A11-9378-94DBDBD159E8}.Debug|x64.Build.0 = Debug|x64
		{3535432B-C780-4A11-9378-94DBDBD159E8}.Debug|x86.ActiveCfg = Debug|Win32
		{3535432B-C780-4A11-9378-94DBDBD159E8}.Debug|x86.Build.0 = Debug|Win32
		{3535432B-C780-4A11-9378-94DBDBD159E8}.Release|x64.ActiveCfg = Release|x64
		{3535432B-C780-4A11-9378-94DBDBD159E8}.Release|x64.Build.0 = Release|x64
		{3535432B-C780-4A11-9378-94DBDBD159E8}.Release|x86.ActiveCfg = Release|Win32
		{3535432B-C780-4A11-9378-94DBDBD159E8}.Release|x86.Build.0 = Release|Win32
		{0057F984-B1C5-402B-92D6-64F2721A1509}.Debug|x64.ActiveCfg = Debug|x64
		{0057F984-B1C5-402B-92D6-64F2721A1509}.Debug|x64.Build.0 = Debug|x64
		{0057F984-B1C5-402B-92D6-64F2721A1509}.Debug|x86.ActiveCfg = Debug|Win32
		{0057F984-B1C5-402B-92D6-64F2721A1509}.Debug|x86.Build.0 = Debug|Win32
		{0057F984-B1C5-402B-92D6-64F2721A1509}.Release|x64.ActiveCfg = Release|x64
		{0057F984-B1C5-402B-92D6-64F2721A1509}.Release|x64.Build.0 = Release|x64
		{0057F984-B1C5-402B-92D6-64F2721A1509}.Release|x86.ActiveCfg = Release|Win32
		{0057F984-B1C5-402B-92D6-64F2721A1509}.Release|x86.Build.0 = Release|Win32
		{8A368BB6-7391-48E6-B062-121AEA2F9ECA}.Debug|x64.ActiveCfg = Debug|x64
		{8A368BB6-7391-48E6-B062-121AEA2F9ECA}.Debug|x64.Build.0 = Debug|x64
		{8A368BB6-7391-48E6-B062-121AEA2F9ECA}.Debug|x86.ActiveCfg = Debug|Win32
		{8A368BB6-7391-48E6-B062-121AEA2F9ECA}.Debug|x86.Build.0 = Debug|Win32
		{8A368BB6-7391-48E6-B062-121AEA2F9ECA}.Release|x64.ActiveCfg = Release|x64
		{8A368BB6-7391-48E6-B062-121AEA2F9ECA}.Release|x64.Build.0 = Release|x64
		{8A368BB6-7391-48E6-B062-121AEA2F9ECA}.Release|x86.ActiveCfg = Release|Win32
		{8A368BB6-7391-48E6-B062-121AEA2F9ECA}.Release|x86.Build.0 = Release|Win32
		{F6CC438D-2ABA-4120-8B32-8B365998647F}.Debug|x64.ActiveCfg = Debug|x64
		{F6CC438D-2ABA-4120-8B32-8B365998647F}.Debug|x64.Build.0 = Debug|x64
		{F6CC438D-2ABA-4120-8B32-8B365998647F}.Debug|x86.ActiveCfg = Debug|Win32
		{F6CC438D-2ABA-4120-8B32-8B365998647F}.Debug|x86.Build.0 = Debug|Win32
		{F6CC438D-2ABA-4120-8B32-8B365998647F}.Release|x64.ActiveCfg = Release|x64
		{F6CC438D-2ABA-4120-8B32-8B365998647F}.Release|x64.Build.0 = Release|x64
		{F6CC438D-2ABA-4120-8B32-8B365998647F}.Release|x86.ActiveCfg = Release|Win32
		{F6CC438D-2ABA-4120-8B32-8B365998647F}.Release|x86.Build.0 = Release|Win32
		{1F79A224-1ED8-478E-A871-6A60BAF9AB15}.Debug|x64.ActiveCfg = Debug|x64
		{1F79A224-1ED8-478E-A871-6A60BAF9AB15}.Debug|x64.Build.0 = Debug|x64
		{1F79A224-1ED8-478E-A871-6A60BAF9AB15}.Debug|x86.ActiveCfg = Debug|Win32
		{1F79A224-1ED8-478E-A871-6A60BAF9AB15}.Debug|x86.Build.0 = Debug|Win32
		{1F79A224-1ED8-478E-A871-6A60BAF9AB15}.Release|x64.ActiveCfg = Release|x64
		{1F79A224-1ED8-478E-A871-6A60BAF9AB15}.Release|x64.Build.0 = Release|x64
		{1F79A224-1ED8-478E-A871-6A60BAF9AB15}.Release|x86.ActiveCfg = Release|Win32
		{1F79A224-1ED8-478E-A871-6A60BAF9AB15}.Release|x86.Build.0 = Release|Win32
		{B4836FBA-7893-435D-827A-DB4F20E2B831}.Debug|x64.ActiveCfg = Debug|x64
		{B4836FBA-7893-435D-827A-DB4F20E2B831}.Debug|x64.Build.0 = Debug|x64
		{B4836FBA-7893-435D-827A-DB4F20E2B831}.Debug|x86.ActiveCfg = Debug|Win32
		{B4836FBA-7893-435D-827A-DB4F20E2B831}.Debug|x86.Build.0 = Debug|Win32
		{B4836FBA-7893-435D-827A-DB4F20E2B831}.Release|x64.ActiveCfg = Release|x64
		{B4836FBA-7893-435D-827A-DB4F20E2B831}.Release|x64.Build.0 = Release|x64
		{B4836FBA-7893-435D-827A-DB4F20E2B831}.Release|x86.ActiveCfg = Release|Win32
		{B4836FBA-7893-435D-827A-DB4F20E2B831}.Release|x86.Build.0 = Release|Win32
		{3FE8004B-3341-4B34-8AAB-13076C6B76BB}.Debug|x64.ActiveCfg = Debug|x64
		{3FE8004B-3341-4B34-8AAB-13076C6B76BB}.Debug|x64.Build.0 = Debug|x64
		{3FE8004B-3341-4B34-8AAB-13076C6B76BB}.Debug|x86.ActiveCfg = Debug|Win32
		{3FE8004B-3341-4B34-8AAB-13076C6B76BB}.Debug|x86.Build.0 = Debug|Win32
		{3FE8004B-3341-4B34-8AAB-13076C6B76BB}.Release|x64.ActiveCfg = Release|x64
		{3FE8004B-3341-4B34-8AAB-13076C6B76BB}.Release|x64.Build.0 = Release|x64
		{3FE8004B-3341-4B34-8AAB-13076C6B76BB}.Release|x86.ActiveCfg = Release|Win32
		{3FE8004B-3341-4B34-8AAB-13076C6B76BB}.Release|x86.Build.0 = Release|Win32
		{ACA32394-C8C8-48A5-B7C2-A0C0C3B76DB0}.Debug|x64.ActiveCfg = Debug|x64
		{ACA32394-C8C8-48A5-B7C2-A0C0C3B76DB0}.Debug|x64.Build.0 = Debug|x64
		{ACA32394-C8C8-48A5-B7C2-A0C0C3B76DB0}.Debug|x86.ActiveCfg = Debug|Win32
		{ACA32394-C8C8-48A5-B7C2-A0C0C3B76DB0}.Debug|x86.Build.0 = Debug|Win32
		{ACA32394-C8C8-48A5-B7C2-A0C0C3B76DB0}.Release|x64.ActiveCfg = Release|x64
		{ACA32394-C8C8-48A5-B7C2-A0C0C3B76DB0}.Release|x64.Build.0 = Release|x64
		{ACA32394-C8C8-48A5-B7C2-A0C0C3B76DB0}.Release|x86.ActiveCfg = Release|Win32
		{ACA32394-C8C8-48A5-B7C2-A0C0C3B76DB0}.Release|x86.Build.0 = Release|Win32
		{342FA48B-6797-40E9-B0DA-C8F0B633E31F}.Debug|x64.ActiveCfg = Debug|x64
		{342FA48B-6797-40E9-B0DA-C8F0B633E31F}.Debug|x64.Build.0 = Debug|x64
		{342FA48B-6797-40E9-B0DA-C8F0B633E31F}.Debug|x86.ActiveCfg = Debug|Win32
		{342FA48B-6797-40E9-B0DA-C8F0B633E31F}.Debug|x86.Build.0 = Debug|Win32
		{342FA48B-6797-40E9-B0DA-C8F0B633E31F}.Release|x64.ActiveCfg = Release|x64
		{342FA48B-6797-40E9-B0DA-C8F0B633E31F}.Release|x64.Build.0 = Release|x64
		{342FA48B-6797-40E9-B0DA-C8F0B633E31F}.Release|x86.ActiveCfg = Release|Win32
		{342FA48B-6797-40E9-B0DA-C8F0B633E31F}.Release|x86.Build.0 = Release|Win32
		{F744D115-4863-4E41-BC12-EFB3342A0020}.Debug|x64.ActiveCfg = Debug|x64
		{F744D115-4863-4E41-BC12-EFB3342A0020}.Debug|x64.Build.0 = Debug|x64
		{F744D115-4863-4E41-BC12-EFB3342A0020}.Debug|x86.ActiveCfg = Debug|Win32
		{F744D115-4863-4E41-BC12-EFB3342A0020}.Debug|x86.Build.0 = Debug|Win32
		{F744D115-4863-4E41-BC12-EFB3342A0020}.Release|x64.ActiveCfg = Release|x64
		{F744D115-4863-4E41-BC12-EFB3342A0020}.Release|x64.Build.0 = Release|x64
		{F744D115-4863-4E41-BC12-EFB3342A0020}.Release|x86.ActiveCfg = Release|Win32
		{F744D115-4863-4E41-BC12-EFB3342A0020}.Release|x86.Build.0 = Release|Win32
		{2D4A9525-F89B-45AC-8823-7FDBFA084640}.Debug|x64.ActiveCfg = Debug|x64
		{2D4A9525-F89B-45AC-8823-7FDBFA084640}.Debug|x64.Build.0 = Debug|x64
		{2D4A9525-F89B-45AC-8823-7FDBFA084640}.Debug|x86.ActiveCfg = Debug|Win32
		{2D4A9525-F89B-45AC-8823-7FDBFA084640}.Debug|x86.Build.0 = Debug|Win32
		{2D4A9525-F89B-45AC-8823-7FDBFA084640}.Release|x64.ActiveCfg = Release|x64
		{2D4A9525-F89B-45AC-8823-7FDBFA084640}.Release|x64.Build.0 = Release|x64
		{2D4A9525-F89B-45AC-8823-7FDBFA084640}.Release|x86.ActiveCfg = Release|Win32
		{2D4A9525-F89B-45AC-8823-7FDBFA084640}.Release|x86.Build.0 = Release|Win32
		{6F1066EE-DB59-4E40-86ED-2C29F30FBA13}.Debug|x64.ActiveCfg = Debug|x64
		{6F1066EE-DB59-4E40-86ED-2C29F30FBA13}.Debug|x64.Build.0 = Debug|x64
		{6F1066EE-DB59-4E40-86ED-2C29F30FBA13}.Debug|x86.ActiveCfg = Debug|Win32
		{6F1066EE-DB59-4E40-86ED-2C29F30FBA13}.Debug|x86.Build.0 = Debug|Win32
		{6F1066EE-DB59-4E40-86ED-2C29F30FBA13}.Release|x64.ActiveCfg = Release|x64
		{6F1066EE-DB59-4E40-86ED-2C29F30FBA13}.Release|x64.Build.0 = Release|x64
		{6F1066EE-DB59-4E40-86ED-2C29F30FBA13}.Release|x86.ActiveCfg = Release|Win32
		{6F1066EE-DB59-4E40-86ED-2C29F30FBA13}.Release|x86.Build.0 = Release|Win32
		{4966E811-B0C7-4707-8294-4688BF0FE4D9}.Debug|x64.ActiveCfg = Debug|x64
		{4966E811-B0C7-4707-8294-4688BF0FE4D9}.Debug|x64.Build.0 = Debug|x64
		{4966E811-B0C7-4707-8294-4688BF0FE4D9}.Debug|x86.ActiveCfg = Debug|Win32
		{4966E811-B0C7-4707-8294-4688BF0FE4D9}.Debug|x86.Build.0 = Debug|Win32
		{4966E811-B0C7-4707-8294-4688BF0FE4D9}.Release|x64.ActiveCfg = Release|x64
		{4966E811-B0C7-4707-8294-4688BF0FE4D9}.Release|x64.Build.0 = Release|x64
		{4966E811-B0C7-4707-8294-4688BF0FE4D9}.Release|x86.ActiveCfg = Release|Win32
		{4966E811-B0C7-4707-8294-4688BF0FE4D9}.Release|x86.Build.0 = Release|Win32
		{5F02BDF9-B64C-4A5F-9C04-AC7BD188F3F3}.Debug|x64.ActiveCfg = Debug|x64
		{5F02BDF9-B64C-4A5F-9C04-AC7BD188F3F3}.Debug|x64.Build.0 = Debug|x64
		{5F02BDF9-B64C-4A5F-9C04-AC7BD188F3F3}.Debug|x86.ActiveCfg = Debug|Win32
		{5F02BDF9-B64C-4A5F-9C04-AC7BD188F3F3}.Debug|x86.Build.0 = Debug|Win32
		{5F02BDF9-B64C-4A5F-9C04-AC7BD188F3F3}.Release|x64.ActiveCfg = Release|x64
		{5F02BDF9-B64C-4A5F-9C04-AC7BD188F3F3}.Release|x64.Build.0 = Release|x64
		{5F02BDF9-B64C-4A5F-9C04-AC7BD188F3F3}.Release|x86.ActiveCfg = Release|Win32
		{5F02BDF9-B64C-4A5F-9C04-AC7BD188F3F3}.Release|x86.Build.0 = Release|Win32
		{AA353A67-7BEA-49D9-AA95-E0ABAC24E9A2}.Debug|x64.ActiveCfg = Debug|x64
		{AA353A67-7BEA-49D9-AA95-E0ABAC24E9A2}.Debug|x64.Build.0 = Debug|x64
		{AA353A67-7BEA-49D9-AA95-E0ABAC24E9A2}.Debug|x86.ActiveCfg = Debug|Win32
		{AA353A67-7BEA-49D9-AA95-E0ABAC24E9A2}.Debug|x86.Build.0 = Debug|Win32
		{AA353A67-7BEA-49D9-AA95-E0ABAC24E9A2}.Release|x64.ActiveCfg = Release|x64
		{AA353A67-7BEA-49D9-AA95-E0ABAC24E9A2}.Release|x64.Build.0 = Release|x64
		{AA353A67-7BEA-49D9-AA95-E0ABAC24E9A2}.Release|x86.ActiveCfg = Release|Win32
		{AA353A67-7BEA-49D9-AA95-E0ABAC24E9A2}.Release|x86.Build.0 = Release|Win32
		{598A39DC-339C-4428-92C1-DAD3B1D21220}.Debug|x64.ActiveCfg = Debug|x64
		{598A39DC-339C-4428-92C1-DAD3B1D21220}.Debug|x64.Build.0 = Debug|x64
		{598A39DC-339C-4428-92C1-DAD3B1D21220}.Debug|x86.ActiveCfg = Debug|Win32
		{598A39DC-339C-4428-92C1-DAD3B1D21220}.Debug|x86.Build.0 = Debug|Win32
		{598A39DC-339C-4428-92C1-DAD3B1D21220}.Release|x64.ActiveCfg = Release|x64
		{598A39DC-339C-4428-92C1-DAD3B1D21220}.Release|x64.Build.0 = Release|x64
		{598A39DC-339C-4428-92C1-DAD3B1D21220}.Release|x86.ActiveCfg = Release|Win32
		{598A39DC-339C-4428-92C1-DAD3B1D21220}.Release|x86.Build.0 = Release|Win32
		{0BD07EDB-802D-4A22-A464-3DF1882ED2BD}.Debug|x64.ActiveCfg = Debug|x64
		{0BD07EDB-802D-4A22-A464-3DF1882ED2BD}.Debug|x64.Build.0 = Debug|x64
		{0BD07EDB-802D-4A22-A464-3DF1882ED2BD}.Debug|x86.ActiveCfg = Debug|Win32
		{0BD07EDB-802D-4A22-A464-3DF1882ED2BD}.Debug|x86.Build.0 = Debug|Win32
		{0BD07EDB-802D-4A22-A464-3DF1882ED2BD}.Release|x64.ActiveCfg = Release|x64
		{0BD07EDB-802D-4A22-A464-3DF1882ED2BD}.Release|x64.Build.0 = Release|x64
		{0BD07EDB-802D-4A22-A464-3DF1882ED2BD}.Release|x86.ActiveCfg = Release|Win32
		{0BD07EDB-802D-4A22-A464-3DF1882ED2BD}.Release|x86.Build.0 = Release|Win32
		{62AE5A8E-A88A-4785-940E-AB677A6F7E68}.Debug|x64.ActiveCfg = Debug|x64
		{62AE5A8E-A88A-4785-940E-AB677A6F7E68}.Debug|x64.Build.0 = Debug|x64
		{62AE5A8E-A88A-4785-940E-AB677A6F7E68}.Debug|x86.ActiveCfg = Debug|Win32
		{62AE5A8E-A88A-4785-940E-AB677A6F7E68}.Debug|x86.Build.0 = Debug|Win32
		{62AE5A8E-A88A-4785-940E-AB677A6F7E68}.Release|x64.ActiveCfg = Release|x64
		{62AE5A8E-A88A-4785-940E-AB677A6F7E68}.Release|x64.Build.0 = Release|x64
		{62AE5A8E-A88A-4785-940E-AB677A6F7E68}.Release|x86.ActiveCfg = Release|Win32
		{62AE5A8E-A88A-4785-940E-AB677A6F7E68}.Release|x86.Build.0 = Release|Win32
		{553D9825-D5FB-4A8F-8881-3E3030DEE06A}.Debug|x64.ActiveCfg = Debug|x64
		{553D9825-D5FB-4A8F-8881-3E3030DEE06A}.Debug|x64.Build.0 = Debug|x64
		{553D9825-D5FB-4A8F-8881-3E3030DEE06A}.Debug|x86.ActiveCfg = Debug|Win32
		{553D9825-D5FB-4A8F-8881-3E3030DEE06A}.Debug|x86.Build.0 = Debug|Win32
		{553D9825-D5FB-4A8F-8881-3E3030DEE06A}.Release|x64.ActiveCfg = Release|x64
		{553D9825-D5FB-4A8F-8881-3E3030DEE06A}.Release|x64.Build.0 = Release|x64
		{553D9825-D5FB-4A8F-8881-3E3030DEE06A}.Release|x86.ActiveCfg = Release|Win32
		{553D9825-D5FB-4A8F-8881-3E3030DEE06A}.Release|x86.Build.0 = Release|Win32
		{108D6F79-899C-4CFA-8ACA-BEF0EAA4E807}.Debug|x64.ActiveCfg = Debug|x64
		{108D6F79-899C-4CFA-8ACA-BEF0EAA4E807}.Debug|x64.Build.0 = Debug|x64
		{108D6F79-899C-4CFA-8ACA-BEF0EAA4E807}.Debug|x86.ActiveCfg = Debug|Win32
		{108D6F79-899C-4CFA-8ACA-BEF0EAA4E807}.Debug|x86.Build.0 = Debug|Win32
		{108D6F79-899C-4CFA-8ACA-BEF0EAA4E807}.Release|x64.ActiveCfg = Release|x64
		{108D6F79-899C-4CFA-8ACA-BEF0EAA4E807}.Release|x64.Build.0 = Release|x64
		{108D6F79-899C-4CFA-8ACA-BEF0EAA4E807}.Release|x86.ActiveCfg = Release|Win32
		{108D6F79-899C-4CFA-8ACA-BEF0EAA4E807}.Release|x86.Build.0 = Release|Win32
		{2E6E8D15-9032-4B42-84A8-6FA7188528A4}.Debug|x64.ActiveCfg = Debug|x64
		{2E6E8D15-9032-4B42-84A8-6FA7188528A4}.Debug|x64.Build.0 = Debug|x64
		{2E6E8D15-9032-4B42-84A8-6FA7188528A4}.Debug|x86.ActiveCfg = Debug|Win32
		{2E6E8D15-9032-4B42-84A8-6FA7188528A4}.Debug|x86.Build.0 = Debug|Win32
		{2E6E8D15-9032-4B42-84A8-6FA7188528A4}.Release|x64.ActiveCfg = Release|x64
		{2E6E8D15-9032-4B42-84A8-6FA7188528A4}.Release|x64.Build.0 = Release|x64
		{2E6E8D15-9032-4B42-84A8-6FA7188528A4}.Release|x86.ActiveCfg = Release|Win32
		{2E6E8D15-9032-4B42-84A8-6FA7188528A4}.Release|x86.Build.0 = Release|Win32
		{617CAE69-CC46-4E93-BDBA-A62B82F93E57}.Debug|x64.ActiveCfg = Debug|x64
		{617CAE69-CC46-4E93-BDBA-A62B82F93E57}.Debug|x64.Build.0 = Debug|x64
		{617CAE69-CC46-4E93-BDBA-A62B82F93E57}.Debug|x86.ActiveCfg = Debug|Win32
		{617CAE69-CC46-4E93-BDBA-A62B82F93E57}.Debug|x86.Build.0 = Debug|Win32
		{617CAE69-CC46-4E93-BDBA-A62B82F93E57}.Release|x64.ActiveCfg = Release|x64
		{617CAE69-CC46-4E93-BDBA-A62B82F93E57}.Release|x64.Build.0 = Release|x64
		{617CAE69-CC46-4E93-BDBA-A62B82F93E57}.Release|x86.ActiveCfg = Release|Win32
		{617CAE69-CC46-4E93-BDBA-A62B82F93E57}.Release|x86.Build.0 = Release|Win32
		{1DDE73A4-8359-4ABF-9503-F89B31CB5FD3}.Debug|x64.ActiveCfg = Debug|x64
		{1DDE73A4-8359-4ABF-9503-F89B31CB5FD3}.Debug|x64.Build.0 = Debug|x64
		{1DDE73A4-8359-4ABF-9503-F89B31CB5FD3}.Debug|x86.ActiveCfg = Debug|Win32
		{1DDE73A4-8359-4ABF-9503-F89B31CB5FD3}.Debug|x86.Build.0 = Debug|Win32
		{1DDE73A4-8359-4ABF-9503-F89B31CB5FD3}.Release|x64.ActiveCfg = Release|x64
		{1DDE73A4-8359-4ABF-9503-F89B31CB5FD3}.Release|x64.Build.0 = Release|x64
		{1DDE73A4-8359-4ABF-9503-F89B31CB5FD3}.Release|x86.ActiveCfg = Release|Win32
		{1DDE73A4-8359-4ABF-9503-F89B31CB5FD3}.Release|x86.Build.0 = Release|Win32
		{5D944691-B97E-4412-85E2-5878E73AE518}.Debug|x64.ActiveCfg = Debug|x64
		{5D944691-B97E-4412-85E2-5878E73AE518}.Debug|x64.Build.0 = Debug|x64
		{5D944691-B97E-4412-85E2-5878E73AE518}.Debug|x86.ActiveCfg = Debug|Win32
		{5D944691-B97E-4412-85E2-5878E73AE518}.Debug|x86.Build.0 = Debug|Win32
		{5D944691-B97E-4412-85E2-5878E73AE518}.Release|x64.ActiveCfg = Release|x64
		{5D944691-B97E-4412-85E2-5878E73AE518}.Release|x64.Build.0 = Release|x64
		{5D944691-B97E-4412-85E2-5878E73AE518}.Release|x86.ActiveCfg = Release|Win32
		{5D944691-B97E-4412-85E2-5878E73AE518}.Release|x86.Build.0 = Release|Win32
		{C3C128BD-F2A1-4CF0-8F0C-8B3DD1E41777}.Debug|x64.ActiveCfg = Debug|x64
		{C3C128BD-F2A1-4CF0-8F0C-8B3DD1E41777}.Debug|x64.Build.0 = Debug|x64
		{C3C128BD-F2A1-4CF0-8F0C-8B3DD1E41777}.Debug|x86.ActiveCfg = Debug|Win32
		{C3C128BD-F2A1-4CF0-8F0C-8B3DD1E41777}.Debug|x86.Build.0 = Debug|Win32
		{C3C128BD-F2A1-4CF0-8F0C-8B3DD1E41777}.Release|x64.ActiveCfg = Release|x64
		{C3C128BD-F2A1-4CF0-8F0C-8B3DD1E41777}.Release|x64.Build.0 = Release|x64
		{C3C128BD-F2A1-4CF0-8F0C-8B3DD1E41777}.Release|x86.ActiveCfg = Release|Win32
		{C3C128BD-F2A1-4CF0-8F0C-8B3DD1E41777}.Release|x86.Build.0 = Release|Win32
		{49CB38C5-6386-4862-AC7D-F8EC36441223}.Debug|x64.ActiveCfg = Debug|x64
		{49CB38C5-6386-4862-AC7D-F8EC36441223}.Debug|x64.Build.0 = Debug|x64
		{49CB38C5-6386-4862-AC7D-F8EC36441223}.Debug|x86.ActiveCfg = Debug|Win32
		{49CB38C5-6386-4862-AC7D-F8EC36441223}.Debug|x86.Build.0 = Debug|Win32
		{49CB38C5-6386-4862-AC7D-F8EC36441223}.Release|x64.ActiveCfg = Release|x64
		{49CB38C5-6386-4862-AC7D-F8EC36441223}.Release|x64.Build.0 = Release|x64
		{49CB38C5-6386-4862-AC7D-F8EC36441223}.Release|x86.ActiveCfg = Release|Win32
		{49CB38C5-6386-4862-AC7D-F8EC36441223}.Release|x86.Build.0 = Release|Win32
		{9FCA0455-EB2C-4A02-8AA1-D692DD3038FE}.Debug|x64.ActiveCfg = Debug|x64
		{9FCA0455-EB2C-4A02-8AA1-D692DD3038FE}.Debug|x64.Build.0 = Debug|x64
		{9FCA0455-EB2C-4A02-8AA1-D692DD3038FE}.Debug|x86.ActiveCfg = Debug|Win32
		{9FCA0455-EB2C-4A02-8AA1-D692DD3038FE}.Debug|x86.Build.0 = Debug|Win32
		{9FCA0455-EB2C-4A02-8AA1-D692DD3038FE}.Release|x64.ActiveCfg = Release|x64
		{9FCA0455-EB2C-4A02-8AA1-D692DD3038FE}.Release|x64.Build.0 = Release|x64
		{9FCA0455-EB2C-4A02-8AA1-D692DD3038FE}.Release|x86.ActiveCfg = Release|Win32
		{9FCA0455-EB2C-4A02-8AA1-D692DD3038FE}.Release|x86.Build.0 = Release|Win32
		{294D04E5-3530-406B-89B1-93BA7812A063}.Debug|x64.ActiveCfg = Debug|x64
		{294D04E5-3530-406B-89B1-93BA7812A063}.Debug|x64.Build.0 = Debug|x64
		{294D04E5-3530-406B-89B1-93BA7812A063}.Debug|x86.ActiveCfg = Debug|Win32
		{294D04E5-3530-406B-89B1-93BA7812A063}.Debug|x86.Build.0 = Debug|Win32
		{294D04E5-3530-406B-89B1-93BA7812A063}.Release|x64.ActiveCfg = Release|x64
		{294D04E5-3530-406B-89B1-93BA7812A063}.Release|x64.Build.0 = Release|x64
		{294D04E5-3530-406B-89B1-93BA7812A063}.Release|x86.ActiveCfg = Release|Win32
		{294D04E5-3530-406B-89B1-93BA7812A063}.Release|x86.Build.0 = Release|Win32
		{1931E1E5-D77D-49D5-A0C0-1EA32465B625}.Debug|x64.ActiveCfg = Debug|x64
		{1931E1E5-D77D-49D5-A0C0-1EA32465B625}.Debug|x64.Build.0 = Debug|x64
		{1931E1E5-D77D-49D5-A0C0-1EA32465B625}.Debug|x86.ActiveCfg = Debug|Win32
		{1931E1E5-D77D-49D5-A0C0-1EA32465B625}.Debug|x86.Build.0 = Debug|Win32
		{1931E1E5-D77D-49D5-A0C0-1EA32465B625}.Release|x64.ActiveCfg = Release|x64
		{1931E1E5-D77D-49D5-A0C0-1EA32465B625}.Release|x64.Build.0 = Release|x64
		{1931E1E5-D77D-49D5-A0C0-1EA32465B625}.Release|x86.ActiveCfg = Release|Win32
		{1931E1E5-D77D-49D5-A0C0-1EA32465B625}.Release|x86.Build.0 = Release|Win32
		{B0A79EFE-0985-4252-8266-6F03DBD52CBE}.Debug|x64.ActiveCfg = Debug|x64
		{B0A79EFE-0985-4252-8266-6F03DBD52CBE}.Debug|x64.Build.0 = Debug|x64
		{B0A79EFE-0985-4252-8266-6F03DBD52CBE}.Debug|x86.ActiveCfg = Debug|Win32
		{B0A79EFE-0985-4252-8266-6F03DBD52CBE}.Debug|x86.Build.0 = Debug|Win32
		{B0A79EFE-0985-4252-8266-6F03DBD52CBE}.Release|x64.ActiveCfg = Release|x64
		{B0A79EFE-0985-4252-8266-6F03DBD52CBE}.Release|x64.Build.0 = Release|x64
		{B0A79EFE-0985-4252-8266-6F03DBD52CBE}.Release|x86.ActiveCfg = Release|Win32
		{B0A79EFE-0985-4252-8266-6F03DBD52CBE}.Release|x86.Build.0 = Release|Win32
	EndGlobalSection
	GlobalSection(SolutionProperties) = preSolution
		HideSolutionNode = FALSE
	EndGlobalSection
	GlobalSection(ExtensibilityGlobals) = postSolution
		SolutionGuid = {B3B5C626-91C7-4716-A930-2C1C940E6F40}
	EndGlobalSection
EndGlobal
